
Microsoft Visual Studio Solution File, Format Version 12.00
# Visual Studio Version 17
VisualStudioVersion = 17.1.32319.34
MinimumVisualStudioVersion = 10.0.40219.1
Project("{9A19103F-16F7-4668-BE54-9A1E7A4F7556}") = "LoL", "LoL\LoL.csproj", "{F6C6BF09-FFA6-447E-80A8-E8519550EB38}"
EndProject
Global
	GlobalSection(SolutionConfigurationPlatforms) = preSolution
		Debug|Any CPU = Debug|Any CPU
		Release|Any CPU = Release|Any CPU
	EndGlobalSection
	GlobalSection(ProjectConfigurationPlatforms) = postSolution
		{F6C6BF09-FFA6-447E-80A8-E8519550EB38}.Debug|Any CPU.ActiveCfg = Debug|Any CPU
		{F6C6BF09-FFA6-447E-80A8-E8519550EB38}.Debug|Any CPU.Build.0 = Debug|Any CPU
		{F6C6BF09-FFA6-447E-80A8-E8519550EB38}.Release|Any CPU.ActiveCfg = Release|Any CPU
		{F6C6BF09-FFA6-447E-80A8-E8519550EB38}.Release|Any CPU.Build.0 = Release|Any CPU
	EndGlobalSection
	GlobalSection(SolutionProperties) = preSolution
		HideSolutionNode = FALSE
	EndGlobalSection
	GlobalSection(ExtensibilityGlobals) = postSolution
		SolutionGuid = {1AEF3D8C-AF4D-4512-BF57-990C08815F14}
	EndGlobalSection
EndGlobal
